
Microsoft Visual Studio Solution File, Format Version 12.00
# Visual Studio Version 16
VisualStudioVersion = 16.0.31105.61
MinimumVisualStudioVersion = 10.0.40219.1
Project("{9A19103F-16F7-4668-BE54-9A1E7A4F7556}") = "TerraformDemo.WebAPI", "src\TerraformDemo.WebAPI\TerraformDemo.WebAPI.csproj", "{9873C493-8F39-4A04-A7CC-F063DF8D92E6}"
EndProject
Project("{2150E333-8FDC-42A3-9474-1A3956D46DE8}") = "src", "src", "{B7880B4C-9C43-4E18-B55B-B2F45BE7D71E}"
EndProject
Project("{2150E333-8FDC-42A3-9474-1A3956D46DE8}") = "terraform", "terraform", "{6CFFD91A-11AA-438F-954C-B28B29083EE3}"
	ProjectSection(SolutionItems) = preProject
		terraform\main.tf = terraform\main.tf
	EndProjectSection
EndProject
Global
	GlobalSection(SolutionConfigurationPlatforms) = preSolution
		Debug|Any CPU = Debug|Any CPU
		Release|Any CPU = Release|Any CPU
	EndGlobalSection
	GlobalSection(ProjectConfigurationPlatforms) = postSolution
		{9873C493-8F39-4A04-A7CC-F063DF8D92E6}.Debug|Any CPU.ActiveCfg = Debug|Any CPU
		{9873C493-8F39-4A04-A7CC-F063DF8D92E6}.Debug|Any CPU.Build.0 = Debug|Any CPU
		{9873C493-8F39-4A04-A7CC-F063DF8D92E6}.Release|Any CPU.ActiveCfg = Release|Any CPU
		{9873C493-8F39-4A04-A7CC-F063DF8D92E6}.Release|Any CPU.Build.0 = Release|Any CPU
	EndGlobalSection
	GlobalSection(SolutionProperties) = preSolution
		HideSolutionNode = FALSE
	EndGlobalSection
	GlobalSection(NestedProjects) = preSolution
		{9873C493-8F39-4A04-A7CC-F063DF8D92E6} = {B7880B4C-9C43-4E18-B55B-B2F45BE7D71E}
	EndGlobalSection
	GlobalSection(ExtensibilityGlobals) = postSolution
		SolutionGuid = {A1E0FB02-19F5-40AE-96F0-D0A3D0B50299}
	EndGlobalSection
EndGlobal
